// !$*UTF8*$!
{
	archiveVersion = 1;
	classes = {
	};
	objectVersion = 60;
	objects = {

/* Begin PBXBuildFile section */
		406CA8782B7AF630001A6E34 /* BuiltTomPackage.docc in Sources */ = {isa = PBXBuildFile; fileRef = 406CA8772B7AF630001A6E34 /* BuiltTomPackage.docc */; };
		406CA87E2B7AF630001A6E34 /* BuiltTomPackage.framework in Frameworks */ = {isa = PBXBuildFile; fileRef = 406CA8732B7AF630001A6E34 /* BuiltTomPackage.framework */; };
		406CA8832B7AF630001A6E34 /* BuiltTomPackageTests.swift in Sources */ = {isa = PBXBuildFile; fileRef = 406CA8822B7AF630001A6E34 /* BuiltTomPackageTests.swift */; };
		406CA8842B7AF630001A6E34 /* BuiltTomPackage.h in Headers */ = {isa = PBXBuildFile; fileRef = 406CA8762B7AF630001A6E34 /* BuiltTomPackage.h */; settings = {ATTRIBUTES = (Public, ); }; };
		406CA88E2B7AF731001A6E34 /* LottieViewWrapper.swift in Sources */ = {isa = PBXBuildFile; fileRef = 406CA88D2B7AF731001A6E34 /* LottieViewWrapper.swift */; };
		406CA8912B7AF748001A6E34 /* Lottie.xcframework in Frameworks */ = {isa = PBXBuildFile; fileRef = 406CA8902B7AF748001A6E34 /* Lottie.xcframework */; };
		406CA8952B7AF9D7001A6E34 /* Animation.json in Resources */ = {isa = PBXBuildFile; fileRef = 406CA8942B7AF9D7001A6E34 /* Animation.json */; };
		406CA89F2B7B020C001A6E34 /* Array+Additions.swift in Sources */ = {isa = PBXBuildFile; fileRef = 406CA89E2B7B020C001A6E34 /* Array+Additions.swift */; };
		40E288522B8D79A3000D8701 /* AuthenticationAdapter.swift in Sources */ = {isa = PBXBuildFile; fileRef = 40E288512B8D79A3000D8701 /* AuthenticationAdapter.swift */; };
		40E288552B8D79E8000D8701 /* Instance.swift in Sources */ = {isa = PBXBuildFile; fileRef = 40E288542B8D79E8000D8701 /* Instance.swift */; };
/* End PBXBuildFile section */

/* Begin PBXContainerItemProxy section */
		406CA87F2B7AF630001A6E34 /* PBXContainerItemProxy */ = {
			isa = PBXContainerItemProxy;
			containerPortal = 406CA86A2B7AF630001A6E34 /* Project object */;
			proxyType = 1;
			remoteGlobalIDString = 406CA8722B7AF630001A6E34;
			remoteInfo = BuiltTomPackage;
		};
/* End PBXContainerItemProxy section */

/* Begin PBXFileReference section */
		406CA8732B7AF630001A6E34 /* BuiltTomPackage.framework */ = {isa = PBXFileReference; explicitFileType = wrapper.framework; includeInIndex = 0; path = BuiltTomPackage.framework; sourceTree = BUILT_PRODUCTS_DIR; };
		406CA8762B7AF630001A6E34 /* BuiltTomPackage.h */ = {isa = PBXFileReference; lastKnownFileType = sourcecode.c.h; path = BuiltTomPackage.h; sourceTree = "<group>"; };
		406CA8772B7AF630001A6E34 /* BuiltTomPackage.docc */ = {isa = PBXFileReference; lastKnownFileType = folder.documentationcatalog; path = BuiltTomPackage.docc; sourceTree = "<group>"; };
		406CA87D2B7AF630001A6E34 /* BuiltTomPackageTests.xctest */ = {isa = PBXFileReference; explicitFileType = wrapper.cfbundle; includeInIndex = 0; path = BuiltTomPackageTests.xctest; sourceTree = BUILT_PRODUCTS_DIR; };
		406CA8822B7AF630001A6E34 /* BuiltTomPackageTests.swift */ = {isa = PBXFileReference; lastKnownFileType = sourcecode.swift; path = BuiltTomPackageTests.swift; sourceTree = "<group>"; };
		406CA88D2B7AF731001A6E34 /* LottieViewWrapper.swift */ = {isa = PBXFileReference; lastKnownFileType = sourcecode.swift; path = LottieViewWrapper.swift; sourceTree = "<group>"; };
		406CA8902B7AF748001A6E34 /* Lottie.xcframework */ = {isa = PBXFileReference; expectedSignature = "SelfSigned:892F1B43047B50538F2F46EAD92900DD3D4811F3582178C061A5FB20F111CB26"; lastKnownFileType = wrapper.xcframework; name = Lottie.xcframework; path = ../Lottie.xcframework; sourceTree = "<group>"; };
		406CA8942B7AF9D7001A6E34 /* Animation.json */ = {isa = PBXFileReference; fileEncoding = 4; lastKnownFileType = text.json; path = Animation.json; sourceTree = "<group>"; };
		406CA89E2B7B020C001A6E34 /* Array+Additions.swift */ = {isa = PBXFileReference; lastKnownFileType = sourcecode.swift; path = "Array+Additions.swift"; sourceTree = "<group>"; };
		40E288512B8D79A3000D8701 /* AuthenticationAdapter.swift */ = {isa = PBXFileReference; lastKnownFileType = sourcecode.swift; path = AuthenticationAdapter.swift; sourceTree = "<group>"; };
		40E288542B8D79E8000D8701 /* Instance.swift */ = {isa = PBXFileReference; lastKnownFileType = sourcecode.swift; path = Instance.swift; sourceTree = "<group>"; };
/* End PBXFileReference section */

/* Begin PBXFrameworksBuildPhase section */
		406CA8702B7AF630001A6E34 /* Frameworks */ = {
			isa = PBXFrameworksBuildPhase;
			buildActionMask = 2147483647;
			files = (
				406CA8912B7AF748001A6E34 /* Lottie.xcframework in Frameworks */,
			);
			runOnlyForDeploymentPostprocessing = 0;
		};
		406CA87A2B7AF630001A6E34 /* Frameworks */ = {
			isa = PBXFrameworksBuildPhase;
			buildActionMask = 2147483647;
			files = (
				406CA87E2B7AF630001A6E34 /* BuiltTomPackage.framework in Frameworks */,
			);
			runOnlyForDeploymentPostprocessing = 0;
		};
/* End PBXFrameworksBuildPhase section */

/* Begin PBXGroup section */
		406CA8692B7AF630001A6E34 = {
			isa = PBXGroup;
			children = (
				406CA8752B7AF630001A6E34 /* BuiltTomPackage */,
				406CA8812B7AF630001A6E34 /* BuiltTomPackageTests */,
				406CA8742B7AF630001A6E34 /* Products */,
				406CA88F2B7AF747001A6E34 /* Frameworks */,
			);
			sourceTree = "<group>";
		};
		406CA8742B7AF630001A6E34 /* Products */ = {
			isa = PBXGroup;
			children = (
				406CA8732B7AF630001A6E34 /* BuiltTomPackage.framework */,
				406CA87D2B7AF630001A6E34 /* BuiltTomPackageTests.xctest */,
			);
			name = Products;
			sourceTree = "<group>";
		};
		406CA8752B7AF630001A6E34 /* BuiltTomPackage */ = {
			isa = PBXGroup;
			children = (
				40E288502B8D7989000D8701 /* Authentication */,
				406CA8942B7AF9D7001A6E34 /* Animation.json */,
				406CA8762B7AF630001A6E34 /* BuiltTomPackage.h */,
				406CA8772B7AF630001A6E34 /* BuiltTomPackage.docc */,
				406CA88D2B7AF731001A6E34 /* LottieViewWrapper.swift */,
				406CA89E2B7B020C001A6E34 /* Array+Additions.swift */,
			);
			path = BuiltTomPackage;
			sourceTree = "<group>";
		};
		406CA8812B7AF630001A6E34 /* BuiltTomPackageTests */ = {
			isa = PBXGroup;
			children = (
				406CA8822B7AF630001A6E34 /* BuiltTomPackageTests.swift */,
			);
			path = BuiltTomPackageTests;
			sourceTree = "<group>";
		};
		406CA88F2B7AF747001A6E34 /* Frameworks */ = {
			isa = PBXGroup;
			children = (
				406CA8902B7AF748001A6E34 /* Lottie.xcframework */,
			);
			name = Frameworks;
			sourceTree = "<group>";
		};
		40E288502B8D7989000D8701 /* Authentication */ = {
			isa = PBXGroup;
			children = (
				40E288512B8D79A3000D8701 /* AuthenticationAdapter.swift */,
				40E288542B8D79E8000D8701 /* Instance.swift */,
			);
			path = Authentication;
			sourceTree = "<group>";
		};
/* End PBXGroup section */

/* Begin PBXHeadersBuildPhase section */
		406CA86E2B7AF630001A6E34 /* Headers */ = {
			isa = PBXHeadersBuildPhase;
			buildActionMask = 2147483647;
			files = (
				406CA8842B7AF630001A6E34 /* BuiltTomPackage.h in Headers */,
			);
			runOnlyForDeploymentPostprocessing = 0;
		};
/* End PBXHeadersBuildPhase section */

/* Begin PBXNativeTarget section */
		406CA8722B7AF630001A6E34 /* BuiltTomPackage */ = {
			isa = PBXNativeTarget;
			buildConfigurationList = 406CA8872B7AF630001A6E34 /* Build configuration list for PBXNativeTarget "BuiltTomPackage" */;
			buildPhases = (
				406CA86E2B7AF630001A6E34 /* Headers */,
				406CA86F2B7AF630001A6E34 /* Sources */,
				406CA8702B7AF630001A6E34 /* Frameworks */,
				406CA8712B7AF630001A6E34 /* Resources */,
			);
			buildRules = (
			);
			dependencies = (
			);
			name = BuiltTomPackage;
			productName = BuiltTomPackage;
			productReference = 406CA8732B7AF630001A6E34 /* BuiltTomPackage.framework */;
			productType = "com.apple.product-type.framework";
		};
		406CA87C2B7AF630001A6E34 /* BuiltTomPackageTests */ = {
			isa = PBXNativeTarget;
			buildConfigurationList = 406CA88A2B7AF631001A6E34 /* Build configuration list for PBXNativeTarget "BuiltTomPackageTests" */;
			buildPhases = (
				406CA8792B7AF630001A6E34 /* Sources */,
				406CA87A2B7AF630001A6E34 /* Frameworks */,
				406CA87B2B7AF630001A6E34 /* Resources */,
			);
			buildRules = (
			);
			dependencies = (
				406CA8802B7AF630001A6E34 /* PBXTargetDependency */,
			);
			name = BuiltTomPackageTests;
			productName = BuiltTomPackageTests;
			productReference = 406CA87D2B7AF630001A6E34 /* BuiltTomPackageTests.xctest */;
			productType = "com.apple.product-type.bundle.unit-test";
		};
/* End PBXNativeTarget section */

/* Begin PBXProject section */
		406CA86A2B7AF630001A6E34 /* Project object */ = {
			isa = PBXProject;
			attributes = {
				BuildIndependentTargetsInParallel = 1;
				LastSwiftUpdateCheck = 1510;
				LastUpgradeCheck = 1510;
				TargetAttributes = {
					406CA8722B7AF630001A6E34 = {
						CreatedOnToolsVersion = 15.1;
					};
					406CA87C2B7AF630001A6E34 = {
						CreatedOnToolsVersion = 15.1;
					};
				};
			};
			buildConfigurationList = 406CA86D2B7AF630001A6E34 /* Build configuration list for PBXProject "BuiltTomPackage" */;
			compatibilityVersion = "Xcode 14.0";
			developmentRegion = en;
			hasScannedForEncodings = 0;
			knownRegions = (
				en,
				Base,
			);
			mainGroup = 406CA8692B7AF630001A6E34;
			productRefGroup = 406CA8742B7AF630001A6E34 /* Products */;
			projectDirPath = "";
			projectRoot = "";
			targets = (
				406CA8722B7AF630001A6E34 /* BuiltTomPackage */,
				406CA87C2B7AF630001A6E34 /* BuiltTomPackageTests */,
			);
		};
/* End PBXProject section */

/* Begin PBXResourcesBuildPhase section */
		406CA8712B7AF630001A6E34 /* Resources */ = {
			isa = PBXResourcesBuildPhase;
			buildActionMask = 2147483647;
			files = (
				406CA8952B7AF9D7001A6E34 /* Animation.json in Resources */,
			);
			runOnlyForDeploymentPostprocessing = 0;
		};
		406CA87B2B7AF630001A6E34 /* Resources */ = {
			isa = PBXResourcesBuildPhase;
			buildActionMask = 2147483647;
			files = (
			);
			runOnlyForDeploymentPostprocessing = 0;
		};
/* End PBXResourcesBuildPhase section */

/* Begin PBXSourcesBuildPhase section */
		406CA86F2B7AF630001A6E34 /* Sources */ = {
			isa = PBXSourcesBuildPhase;
			buildActionMask = 2147483647;
			files = (
				40E288552B8D79E8000D8701 /* Instance.swift in Sources */,
				406CA89F2B7B020C001A6E34 /* Array+Additions.swift in Sources */,
				406CA8782B7AF630001A6E34 /* BuiltTomPackage.docc in Sources */,
				406CA88E2B7AF731001A6E34 /* LottieViewWrapper.swift in Sources */,
				40E288522B8D79A3000D8701 /* AuthenticationAdapter.swift in Sources */,
			);
			runOnlyForDeploymentPostprocessing = 0;
		};
		406CA8792B7AF630001A6E34 /* Sources */ = {
			isa = PBXSourcesBuildPhase;
			buildActionMask = 2147483647;
			files = (
				406CA8832B7AF630001A6E34 /* BuiltTomPackageTests.swift in Sources */,
			);
			runOnlyForDeploymentPostprocessing = 0;
		};
/* End PBXSourcesBuildPhase section */

/* Begin PBXTargetDependency section */
		406CA8802B7AF630001A6E34 /* PBXTargetDependency */ = {
			isa = PBXTargetDependency;
			target = 406CA8722B7AF630001A6E34 /* BuiltTomPackage */;
			targetProxy = 406CA87F2B7AF630001A6E34 /* PBXContainerItemProxy */;
		};
/* End PBXTargetDependency section */

/* Begin XCBuildConfiguration section */
		406CA8852B7AF630001A6E34 /* Debug */ = {
			isa = XCBuildConfiguration;
			buildSettings = {
				ALWAYS_SEARCH_USER_PATHS = NO;
				ASSETCATALOG_COMPILER_GENERATE_SWIFT_ASSET_SYMBOL_EXTENSIONS = YES;
				CLANG_ANALYZER_NONNULL = YES;
				CLANG_ANALYZER_NUMBER_OBJECT_CONVERSION = YES_AGGRESSIVE;
				CLANG_CXX_LANGUAGE_STANDARD = "gnu++20";
				CLANG_ENABLE_MODULES = YES;
				CLANG_ENABLE_OBJC_ARC = YES;
				CLANG_ENABLE_OBJC_WEAK = YES;
				CLANG_WARN_BLOCK_CAPTURE_AUTORELEASING = YES;
				CLANG_WARN_BOOL_CONVERSION = YES;
				CLANG_WARN_COMMA = YES;
				CLANG_WARN_CONSTANT_CONVERSION = YES;
				CLANG_WARN_DEPRECATED_OBJC_IMPLEMENTATIONS = YES;
				CLANG_WARN_DIRECT_OBJC_ISA_USAGE = YES_ERROR;
				CLANG_WARN_DOCUMENTATION_COMMENTS = YES;
				CLANG_WARN_EMPTY_BODY = YES;
				CLANG_WARN_ENUM_CONVERSION = YES;
				CLANG_WARN_INFINITE_RECURSION = YES;
				CLANG_WARN_INT_CONVERSION = YES;
				CLANG_WARN_NON_LITERAL_NULL_CONVERSION = YES;
				CLANG_WARN_OBJC_IMPLICIT_RETAIN_SELF = YES;
				CLANG_WARN_OBJC_LITERAL_CONVERSION = YES;
				CLANG_WARN_OBJC_ROOT_CLASS = YES_ERROR;
				CLANG_WARN_QUOTED_INCLUDE_IN_FRAMEWORK_HEADER = YES;
				CLANG_WARN_RANGE_LOOP_ANALYSIS = YES;
				CLANG_WARN_STRICT_PROTOTYPES = YES;
				CLANG_WARN_SUSPICIOUS_MOVE = YES;
				CLANG_WARN_UNGUARDED_AVAILABILITY = YES_AGGRESSIVE;
				CLANG_WARN_UNREACHABLE_CODE = YES;
				CLANG_WARN__DUPLICATE_METHOD_MATCH = YES;
				COPY_PHASE_STRIP = NO;
				CURRENT_PROJECT_VERSION = 1;
				DEBUG_INFORMATION_FORMAT = dwarf;
				ENABLE_STRICT_OBJC_MSGSEND = YES;
				ENABLE_TESTABILITY = YES;
				ENABLE_USER_SCRIPT_SANDBOXING = YES;
				GCC_C_LANGUAGE_STANDARD = gnu17;
				GCC_DYNAMIC_NO_PIC = NO;
				GCC_NO_COMMON_BLOCKS = YES;
				GCC_OPTIMIZATION_LEVEL = 0;
				GCC_PREPROCESSOR_DEFINITIONS = (
					"DEBUG=1",
					"$(inherited)",
				);
				GCC_WARN_64_TO_32_BIT_CONVERSION = YES;
				GCC_WARN_ABOUT_RETURN_TYPE = YES_ERROR;
				GCC_WARN_UNDECLARED_SELECTOR = YES;
				GCC_WARN_UNINITIALIZED_AUTOS = YES_AGGRESSIVE;
				GCC_WARN_UNUSED_FUNCTION = YES;
				GCC_WARN_UNUSED_VARIABLE = YES;
				IPHONEOS_DEPLOYMENT_TARGET = 17.2;
				LOCALIZATION_PREFERS_STRING_CATALOGS = YES;
				MTL_ENABLE_DEBUG_INFO = INCLUDE_SOURCE;
				MTL_FAST_MATH = YES;
				ONLY_ACTIVE_ARCH = YES;
				SDKROOT = iphoneos;
				SWIFT_ACTIVE_COMPILATION_CONDITIONS = "DEBUG $(inherited)";
				SWIFT_OPTIMIZATION_LEVEL = "-Onone";
				VERSIONING_SYSTEM = "apple-generic";
				VERSION_INFO_PREFIX = "";
			};
			name = Debug;
		};
		406CA8862B7AF630001A6E34 /* Release */ = {
			isa = XCBuildConfiguration;
			buildSettings = {
				ALWAYS_SEARCH_USER_PATHS = NO;
				ASSETCATALOG_COMPILER_GENERATE_SWIFT_ASSET_SYMBOL_EXTENSIONS = YES;
				CLANG_ANALYZER_NONNULL = YES;
				CLANG_ANALYZER_NUMBER_OBJECT_CONVERSION = YES_AGGRESSIVE;
				CLANG_CXX_LANGUAGE_STANDARD = "gnu++20";
				CLANG_ENABLE_MODULES = YES;
				CLANG_ENABLE_OBJC_ARC = YES;
				CLANG_ENABLE_OBJC_WEAK = YES;
				CLANG_WARN_BLOCK_CAPTURE_AUTORELEASING = YES;
				CLANG_WARN_BOOL_CONVERSION = YES;
				CLANG_WARN_COMMA = YES;
				CLANG_WARN_CONSTANT_CONVERSION = YES;
				CLANG_WARN_DEPRECATED_OBJC_IMPLEMENTATIONS = YES;
				CLANG_WARN_DIRECT_OBJC_ISA_USAGE = YES_ERROR;
				CLANG_WARN_DOCUMENTATION_COMMENTS = YES;
				CLANG_WARN_EMPTY_BODY = YES;
				CLANG_WARN_ENUM_CONVERSION = YES;
				CLANG_WARN_INFINITE_RECURSION = YES;
				CLANG_WARN_INT_CONVERSION = YES;
				CLANG_WARN_NON_LITERAL_NULL_CONVERSION = YES;
				CLANG_WARN_OBJC_IMPLICIT_RETAIN_SELF = YES;
				CLANG_WARN_OBJC_LITERAL_CONVERSION = YES;
				CLANG_WARN_OBJC_ROOT_CLASS = YES_ERROR;
				CLANG_WARN_QUOTED_INCLUDE_IN_FRAMEWORK_HEADER = YES;
				CLANG_WARN_RANGE_LOOP_ANALYSIS = YES;
				CLANG_WARN_STRICT_PROTOTYPES = YES;
				CLANG_WARN_SUSPICIOUS_MOVE = YES;
				CLANG_WARN_UNGUARDED_AVAILABILITY = YES_AGGRESSIVE;
				CLANG_WARN_UNREACHABLE_CODE = YES;
				CLANG_WARN__DUPLICATE_METHOD_MATCH = YES;
				COPY_PHASE_STRIP = NO;
				CURRENT_PROJECT_VERSION = 1;
				DEBUG_INFORMATION_FORMAT = "dwarf-with-dsym";
				ENABLE_NS_ASSERTIONS = NO;
				ENABLE_STRICT_OBJC_MSGSEND = YES;
				ENABLE_USER_SCRIPT_SANDBOXING = YES;
				GCC_C_LANGUAGE_STANDARD = gnu17;
				GCC_NO_COMMON_BLOCKS = YES;
				GCC_WARN_64_TO_32_BIT_CONVERSION = YES;
				GCC_WARN_ABOUT_RETURN_TYPE = YES_ERROR;
				GCC_WARN_UNDECLARED_SELECTOR = YES;
				GCC_WARN_UNINITIALIZED_AUTOS = YES_AGGRESSIVE;
				GCC_WARN_UNUSED_FUNCTION = YES;
				GCC_WARN_UNUSED_VARIABLE = YES;
				IPHONEOS_DEPLOYMENT_TARGET = 17.2;
				LOCALIZATION_PREFERS_STRING_CATALOGS = YES;
				MTL_ENABLE_DEBUG_INFO = NO;
				MTL_FAST_MATH = YES;
				SDKROOT = iphoneos;
				SWIFT_COMPILATION_MODE = wholemodule;
				VALIDATE_PRODUCT = YES;
				VERSIONING_SYSTEM = "apple-generic";
				VERSION_INFO_PREFIX = "";
			};
			name = Release;
		};
		406CA8882B7AF630001A6E34 /* Debug */ = {
			isa = XCBuildConfiguration;
			buildSettings = {
				CODE_SIGN_STYLE = Automatic;
				CURRENT_PROJECT_VERSION = 1;
				DEFINES_MODULE = YES;
				DYLIB_COMPATIBILITY_VERSION = 1;
				DYLIB_CURRENT_VERSION = 1;
				DYLIB_INSTALL_NAME_BASE = "@rpath";
				ENABLE_MODULE_VERIFIER = YES;
				GENERATE_INFOPLIST_FILE = YES;
				INFOPLIST_KEY_NSHumanReadableCopyright = "";
				INSTALL_PATH = "$(LOCAL_LIBRARY_DIR)/Frameworks";
				LD_RUNPATH_SEARCH_PATHS = (
					"$(inherited)",
					"@executable_path/Frameworks",
					"@loader_path/Frameworks",
				);
				MARKETING_VERSION = 1.0;
				MODULE_VERIFIER_SUPPORTED_LANGUAGES = "objective-c objective-c++";
				MODULE_VERIFIER_SUPPORTED_LANGUAGE_STANDARDS = "gnu17 gnu++20";
				PRODUCT_BUNDLE_IDENTIFIER = com.CodingWithTom.BuiltTomPackage;
				PRODUCT_NAME = "$(TARGET_NAME:c99extidentifier)";
				SKIP_INSTALL = NO;
				SUPPORTED_PLATFORMS = "iphoneos iphonesimulator";
				SUPPORTS_MACCATALYST = NO;
				SUPPORTS_MAC_DESIGNED_FOR_IPHONE_IPAD = NO;
				SWIFT_EMIT_LOC_STRINGS = YES;
				SWIFT_VERSION = 5.0;
				TARGETED_DEVICE_FAMILY = 1;
			};
			name = Debug;
		};
		406CA8892B7AF630001A6E34 /* Release */ = {
			isa = XCBuildConfiguration;
			buildSettings = {
				CODE_SIGN_STYLE = Automatic;
				CURRENT_PROJECT_VERSION = 1;
				DEFINES_MODULE = YES;
				DYLIB_COMPATIBILITY_VERSION = 1;
				DYLIB_CURRENT_VERSION = 1;
				DYLIB_INSTALL_NAME_BASE = "@rpath";
				ENABLE_MODULE_VERIFIER = YES;
				GENERATE_INFOPLIST_FILE = YES;
				INFOPLIST_KEY_NSHumanReadableCopyright = "";
				INSTALL_PATH = "$(LOCAL_LIBRARY_DIR)/Frameworks";
				LD_RUNPATH_SEARCH_PATHS = (
					"$(inherited)",
					"@executable_path/Frameworks",
					"@loader_path/Frameworks",
				);
				MARKETING_VERSION = 1.0;
				MODULE_VERIFIER_SUPPORTED_LANGUAGES = "objective-c objective-c++";
				MODULE_VERIFIER_SUPPORTED_LANGUAGE_STANDARDS = "gnu17 gnu++20";
				PRODUCT_BUNDLE_IDENTIFIER = com.CodingWithTom.BuiltTomPackage;
				PRODUCT_NAME = "$(TARGET_NAME:c99extidentifier)";
				SKIP_INSTALL = NO;
				SUPPORTED_PLATFORMS = "iphoneos iphonesimulator";
				SUPPORTS_MACCATALYST = NO;
				SUPPORTS_MAC_DESIGNED_FOR_IPHONE_IPAD = NO;
				SWIFT_EMIT_LOC_STRINGS = YES;
				SWIFT_VERSION = 5.0;
				TARGETED_DEVICE_FAMILY = 1;
			};
			name = Release;
		};
		406CA88B2B7AF631001A6E34 /* Debug */ = {
			isa = XCBuildConfiguration;
			buildSettings = {
				ALWAYS_EMBED_SWIFT_STANDARD_LIBRARIES = YES;
				CODE_SIGN_STYLE = Automatic;
				CURRENT_PROJECT_VERSION = 1;
				GENERATE_INFOPLIST_FILE = YES;
				MARKETING_VERSION = 1.0;
				PRODUCT_BUNDLE_IDENTIFIER = com.CodingWithTom.BuiltTomPackageTests;
				PRODUCT_NAME = "$(TARGET_NAME)";
				SWIFT_EMIT_LOC_STRINGS = NO;
				SWIFT_VERSION = 5.0;
				TARGETED_DEVICE_FAMILY = "1,2";
			};
			name = Debug;
		};
		406CA88C2B7AF631001A6E34 /* Release */ = {
			isa = XCBuildConfiguration;
			buildSettings = {
				ALWAYS_EMBED_SWIFT_STANDARD_LIBRARIES = YES;
				CODE_SIGN_STYLE = Automatic;
				CURRENT_PROJECT_VERSION = 1;
				GENERATE_INFOPLIST_FILE = YES;
				MARKETING_VERSION = 1.0;
				PRODUCT_BUNDLE_IDENTIFIER = com.CodingWithTom.BuiltTomPackageTests;
				PRODUCT_NAME = "$(TARGET_NAME)";
				SWIFT_EMIT_LOC_STRINGS = NO;
				SWIFT_VERSION = 5.0;
				TARGETED_DEVICE_FAMILY = "1,2";
			};
			name = Release;
		};
/* End XCBuildConfiguration section */

/* Begin XCConfigurationList section */
		406CA86D2B7AF630001A6E34 /* Build configuration list for PBXProject "BuiltTomPackage" */ = {
			isa = XCConfigurationList;
			buildConfigurations = (
				406CA8852B7AF630001A6E34 /* Debug */,
				406CA8862B7AF630001A6E34 /* Release */,
			);
			defaultConfigurationIsVisible = 0;
			defaultConfigurationName = Release;
		};
		406CA8872B7AF630001A6E34 /* Build configuration list for PBXNativeTarget "BuiltTomPackage" */ = {
			isa = XCConfigurationList;
			buildConfigurations = (
				406CA8882B7AF630001A6E34 /* Debug */,
				406CA8892B7AF630001A6E34 /* Release */,
			);
			defaultConfigurationIsVisible = 0;
			defaultConfigurationName = Release;
		};
		406CA88A2B7AF631001A6E34 /* Build configuration list for PBXNativeTarget "BuiltTomPackageTests" */ = {
			isa = XCConfigurationList;
			buildConfigurations = (
				406CA88B2B7AF631001A6E34 /* Debug */,
				406CA88C2B7AF631001A6E34 /* Release */,
			);
			defaultConfigurationIsVisible = 0;
			defaultConfigurationName = Release;
		};
/* End XCConfigurationList section */
	};
	rootObject = 406CA86A2B7AF630001A6E34 /* Project object */;
}
